
Microsoft Visual Studio Solution File, Format Version 12.00
# Visual Studio 15
VisualStudioVersion = 15.0.27703.2042
MinimumVisualStudioVersion = 10.0.40219.1
Project("{FAE04EC0-301F-11D3-BF4B-00C04F79EFBC}") = "Metricks", "Metricks\Metricks.csproj", "{9853AB99-6728-4C90-AB40-C4F51414EE0B}"
EndProject
Project("{FAE04EC0-301F-11D3-BF4B-00C04F79EFBC}") = "Metricks.Tests", "Metricks.Tests\Metricks.Tests.csproj", "{68DA2B8F-6708-4790-AAE1-7640DBB00987}"
EndProject
Global
	GlobalSection(SolutionConfigurationPlatforms) = preSolution
		Debug|Any CPU = Debug|Any CPU
		Release|Any CPU = Release|Any CPU
	EndGlobalSection
	GlobalSection(ProjectConfigurationPlatforms) = postSolution
		{9853AB99-6728-4C90-AB40-C4F51414EE0B}.Debug|Any CPU.ActiveCfg = Debug|Any CPU
		{9853AB99-6728-4C90-AB40-C4F51414EE0B}.Debug|Any CPU.Build.0 = Debug|Any CPU
		{9853AB99-6728-4C90-AB40-C4F51414EE0B}.Release|Any CPU.ActiveCfg = Release|Any CPU
		{9853AB99-6728-4C90-AB40-C4F51414EE0B}.Release|Any CPU.Build.0 = Release|Any CPU
		{68DA2B8F-6708-4790-AAE1-7640DBB00987}.Debug|Any CPU.ActiveCfg = Debug|Any CPU
		{68DA2B8F-6708-4790-AAE1-7640DBB00987}.Debug|Any CPU.Build.0 = Debug|Any CPU
		{68DA2B8F-6708-4790-AAE1-7640DBB00987}.Release|Any CPU.ActiveCfg = Release|Any CPU
		{68DA2B8F-6708-4790-AAE1-7640DBB00987}.Release|Any CPU.Build.0 = Release|Any CPU
	EndGlobalSection
	GlobalSection(SolutionProperties) = preSolution
		HideSolutionNode = FALSE
	EndGlobalSection
	GlobalSection(ExtensibilityGlobals) = postSolution
		SolutionGuid = {2269E8A4-5F6B-4426-A54D-011F9C90003F}
	EndGlobalSection
EndGlobal
